
Microsoft Visual Studio Solution File, Format Version 12.00
# Visual Studio Version 17
VisualStudioVersion = 17.4.33213.308
MinimumVisualStudioVersion = 10.0.40219.1
Project("{9A19103F-16F7-4668-BE54-9A1E7A4F7556}") = "FocusTree", "FocusTree\FocusTree.csproj", "{6A9E1B42-AB70-47D8-909B-019BF42245FC}"
EndProject
Project("{9A19103F-16F7-4668-BE54-9A1E7A4F7556}") = "ConvertIcon", "ConvertIcon\ConvertIcon.csproj", "{881782E0-BDDC-4AF3-8831-58EEEEF55F58}"
EndProject
Project("{FAE04EC0-301F-11D3-BF4B-00C04F79EFBC}") = "DemoRichText", "DemoRichText\DemoRichText.csproj", "{D1E87BC9-60D9-49AB-854C-6B277A580A0F}"
EndProject
Project("{9A19103F-16F7-4668-BE54-9A1E7A4F7556}") = "Hoi4Object", "Hoi4Object\Hoi4Object.csproj", "{511B9D8E-6E5D-4B90-B8E1-E75D7F882371}"
EndProject
Project("{2150E333-8FDC-42A3-9474-1A3956D46DE8}") = "ui", "ui", "{E800610A-C744-440B-BDD1-C72C70DF1DA4}"
EndProject
Project("{2150E333-8FDC-42A3-9474-1A3956D46DE8}") = "test", "test", "{575E3B8E-9163-43E5-B994-C7AD0F1FF8C2}"
EndProject
Project("{2150E333-8FDC-42A3-9474-1A3956D46DE8}") = "building", "building", "{F6F007BD-1B7F-46DF-8C27-75CE319B1DDB}"
EndProject
Project("{9A19103F-16F7-4668-BE54-9A1E7A4F7556}") = "Basic Syntax Test", "Basic Syntax Test\Basic Syntax Test.csproj", "{452A6B00-C5E2-4061-ACE0-1C2DD8A9FEF5}"
EndProject
Project("{8BC9CEB8-8B4A-11D0-8D11-00A0C91BC942}") = "test virtual", "test virtual\test virtual.vcxproj", "{24C2D5B5-7065-4493-B3B7-8D16F7549709}"
EndProject
Project("{9A19103F-16F7-4668-BE54-9A1E7A4F7556}") = "Root Dir Ini", "Root Dir Ini\Root Dir Ini.csproj", "{A6471FC9-E524-4F20-A23B-6383F64F8B09}"
EndProject
Project("{9A19103F-16F7-4668-BE54-9A1E7A4F7556}") = "Check Contry Tag", "Check Contry Tag\Check Contry Tag.csproj", "{7C34CC2F-F4C9-4BEF-A195-308D8C59C2FF}"
EndProject
Project("{8BC9CEB8-8B4A-11D0-8D11-00A0C91BC942}") = "Hoi4 Parser", "Hoi4 Parser\Hoi4 Parser.vcxproj", "{12ABDB39-B3DB-4013-A3B1-F3602898B97B}"
EndProject
Project("{9A19103F-16F7-4668-BE54-9A1E7A4F7556}") = "call dll test", "call dll test\call dll test.csproj", "{7E049071-254A-4D05-915F-E9AC7CD99B24}"
EndProject
Project("{8BC9CEB8-8B4A-11D0-8D11-00A0C91BC942}") = "Logger", "Logger\Logger.vcxproj", "{C72D61FB-32CA-4124-8FA1-E9A42F95BBC9}"
EndProject
Global
	GlobalSection(SolutionConfigurationPlatforms) = preSolution
		Debug|Any CPU = Debug|Any CPU
		Debug|x64 = Debug|x64
		Debug|x86 = Debug|x86
		Release|Any CPU = Release|Any CPU
		Release|x64 = Release|x64
		Release|x86 = Release|x86
	EndGlobalSection
	GlobalSection(ProjectConfigurationPlatforms) = postSolution
		{6A9E1B42-AB70-47D8-909B-019BF42245FC}.Debug|Any CPU.ActiveCfg = Debug|Any CPU
		{6A9E1B42-AB70-47D8-909B-019BF42245FC}.Debug|Any CPU.Build.0 = Debug|Any CPU
		{6A9E1B42-AB70-47D8-909B-019BF42245FC}.Debug|x64.ActiveCfg = Debug|Any CPU
		{6A9E1B42-AB70-47D8-909B-019BF42245FC}.Debug|x64.Build.0 = Debug|Any CPU
		{6A9E1B42-AB70-47D8-909B-019BF42245FC}.Debug|x86.ActiveCfg = Debug|Any CPU
		{6A9E1B42-AB70-47D8-909B-019BF42245FC}.Debug|x86.Build.0 = Debug|Any CPU
		{6A9E1B42-AB70-47D8-909B-019BF42245FC}.Release|Any CPU.ActiveCfg = Release|Any CPU
		{6A9E1B42-AB70-47D8-909B-019BF42245FC}.Release|Any CPU.Build.0 = Release|Any CPU
		{6A9E1B42-AB70-47D8-909B-019BF42245FC}.Release|x64.ActiveCfg = Release|Any CPU
		{6A9E1B42-AB70-47D8-909B-019BF42245FC}.Release|x64.Build.0 = Release|Any CPU
		{6A9E1B42-AB70-47D8-909B-019BF42245FC}.Release|x86.ActiveCfg = Release|Any CPU
		{6A9E1B42-AB70-47D8-909B-019BF42245FC}.Release|x86.Build.0 = Release|Any CPU
		{881782E0-BDDC-4AF3-8831-58EEEEF55F58}.Debug|Any CPU.ActiveCfg = Debug|Any CPU
		{881782E0-BDDC-4AF3-8831-58EEEEF55F58}.Debug|Any CPU.Build.0 = Debug|Any CPU
		{881782E0-BDDC-4AF3-8831-58EEEEF55F58}.Debug|x64.ActiveCfg = Debug|Any CPU
		{881782E0-BDDC-4AF3-8831-58EEEEF55F58}.Debug|x64.Build.0 = Debug|Any CPU
		{881782E0-BDDC-4AF3-8831-58EEEEF55F58}.Debug|x86.ActiveCfg = Debug|Any CPU
		{881782E0-BDDC-4AF3-8831-58EEEEF55F58}.Debug|x86.Build.0 = Debug|Any CPU
		{881782E0-BDDC-4AF3-8831-58EEEEF55F58}.Release|Any CPU.ActiveCfg = Release|Any CPU
		{881782E0-BDDC-4AF3-8831-58EEEEF55F58}.Release|Any CPU.Build.0 = Release|Any CPU
		{881782E0-BDDC-4AF3-8831-58EEEEF55F58}.Release|x64.ActiveCfg = Release|Any CPU
		{881782E0-BDDC-4AF3-8831-58EEEEF55F58}.Release|x64.Build.0 = Release|Any CPU
		{881782E0-BDDC-4AF3-8831-58EEEEF55F58}.Release|x86.ActiveCfg = Release|Any CPU
		{881782E0-BDDC-4AF3-8831-58EEEEF55F58}.Release|x86.Build.0 = Release|Any CPU
		{D1E87BC9-60D9-49AB-854C-6B277A580A0F}.Debug|Any CPU.ActiveCfg = Debug|Any CPU
		{D1E87BC9-60D9-49AB-854C-6B277A580A0F}.Debug|Any CPU.Build.0 = Debug|Any CPU
		{D1E87BC9-60D9-49AB-854C-6B277A580A0F}.Debug|x64.ActiveCfg = Debug|Any CPU
		{D1E87BC9-60D9-49AB-854C-6B277A580A0F}.Debug|x64.Build.0 = Debug|Any CPU
		{D1E87BC9-60D9-49AB-854C-6B277A580A0F}.Debug|x86.ActiveCfg = Debug|Any CPU
		{D1E87BC9-60D9-49AB-854C-6B277A580A0F}.Debug|x86.Build.0 = Debug|Any CPU
		{D1E87BC9-60D9-49AB-854C-6B277A580A0F}.Release|Any CPU.ActiveCfg = Release|Any CPU
		{D1E87BC9-60D9-49AB-854C-6B277A580A0F}.Release|Any CPU.Build.0 = Release|Any CPU
		{D1E87BC9-60D9-49AB-854C-6B277A580A0F}.Release|x64.ActiveCfg = Release|Any CPU
		{D1E87BC9-60D9-49AB-854C-6B277A580A0F}.Release|x64.Build.0 = Release|Any CPU
		{D1E87BC9-60D9-49AB-854C-6B277A580A0F}.Release|x86.ActiveCfg = Release|Any CPU
		{D1E87BC9-60D9-49AB-854C-6B277A580A0F}.Release|x86.Build.0 = Release|Any CPU
		{511B9D8E-6E5D-4B90-B8E1-E75D7F882371}.Debug|Any CPU.ActiveCfg = Debug|Any CPU
		{511B9D8E-6E5D-4B90-B8E1-E75D7F882371}.Debug|Any CPU.Build.0 = Debug|Any CPU
		{511B9D8E-6E5D-4B90-B8E1-E75D7F882371}.Debug|x64.ActiveCfg = Debug|Any CPU
		{511B9D8E-6E5D-4B90-B8E1-E75D7F882371}.Debug|x64.Build.0 = Debug|Any CPU
		{511B9D8E-6E5D-4B90-B8E1-E75D7F882371}.Debug|x86.ActiveCfg = Debug|Any CPU
		{511B9D8E-6E5D-4B90-B8E1-E75D7F882371}.Debug|x86.Build.0 = Debug|Any CPU
		{511B9D8E-6E5D-4B90-B8E1-E75D7F882371}.Release|Any CPU.ActiveCfg = Release|Any CPU
		{511B9D8E-6E5D-4B90-B8E1-E75D7F882371}.Release|Any CPU.Build.0 = Release|Any CPU
		{511B9D8E-6E5D-4B90-B8E1-E75D7F882371}.Release|x64.ActiveCfg = Release|Any CPU
		{511B9D8E-6E5D-4B90-B8E1-E75D7F882371}.Release|x64.Build.0 = Release|Any CPU
		{511B9D8E-6E5D-4B90-B8E1-E75D7F882371}.Release|x86.ActiveCfg = Release|Any CPU
		{511B9D8E-6E5D-4B90-B8E1-E75D7F882371}.Release|x86.Build.0 = Release|Any CPU
		{452A6B00-C5E2-4061-ACE0-1C2DD8A9FEF5}.Debug|Any CPU.ActiveCfg = Debug|Any CPU
		{452A6B00-C5E2-4061-ACE0-1C2DD8A9FEF5}.Debug|Any CPU.Build.0 = Debug|Any CPU
		{452A6B00-C5E2-4061-ACE0-1C2DD8A9FEF5}.Debug|x64.ActiveCfg = Debug|Any CPU
		{452A6B00-C5E2-4061-ACE0-1C2DD8A9FEF5}.Debug|x64.Build.0 = Debug|Any CPU
		{452A6B00-C5E2-4061-ACE0-1C2DD8A9FEF5}.Debug|x86.ActiveCfg = Debug|Any CPU
		{452A6B00-C5E2-4061-ACE0-1C2DD8A9FEF5}.Debug|x86.Build.0 = Debug|Any CPU
		{452A6B00-C5E2-4061-ACE0-1C2DD8A9FEF5}.Release|Any CPU.ActiveCfg = Release|Any CPU
		{452A6B00-C5E2-4061-ACE0-1C2DD8A9FEF5}.Release|Any CPU.Build.0 = Release|Any CPU
		{452A6B00-C5E2-4061-ACE0-1C2DD8A9FEF5}.Release|x64.ActiveCfg = Release|Any CPU
		{452A6B00-C5E2-4061-ACE0-1C2DD8A9FEF5}.Release|x64.Build.0 = Release|Any CPU
		{452A6B00-C5E2-4061-ACE0-1C2DD8A9FEF5}.Release|x86.ActiveCfg = Release|Any CPU
		{452A6B00-C5E2-4061-ACE0-1C2DD8A9FEF5}.Release|x86.Build.0 = Release|Any CPU
		{24C2D5B5-7065-4493-B3B7-8D16F7549709}.Debug|Any CPU.ActiveCfg = Debug|x64
		{24C2D5B5-7065-4493-B3B7-8D16F7549709}.Debug|Any CPU.Build.0 = Debug|x64
		{24C2D5B5-7065-4493-B3B7-8D16F7549709}.Debug|x64.ActiveCfg = Debug|x64
		{24C2D5B5-7065-4493-B3B7-8D16F7549709}.Debug|x64.Build.0 = Debug|x64
		{24C2D5B5-7065-4493-B3B7-8D16F7549709}.Debug|x86.ActiveCfg = Debug|Win32
		{24C2D5B5-7065-4493-B3B7-8D16F7549709}.Debug|x86.Build.0 = Debug|Win32
		{24C2D5B5-7065-4493-B3B7-8D16F7549709}.Release|Any CPU.ActiveCfg = Release|x64
		{24C2D5B5-7065-4493-B3B7-8D16F7549709}.Release|Any CPU.Build.0 = Release|x64
		{24C2D5B5-7065-4493-B3B7-8D16F7549709}.Release|x64.ActiveCfg = Release|x64
		{24C2D5B5-7065-4493-B3B7-8D16F7549709}.Release|x64.Build.0 = Release|x64
		{24C2D5B5-7065-4493-B3B7-8D16F7549709}.Release|x86.ActiveCfg = Release|Win32
		{24C2D5B5-7065-4493-B3B7-8D16F7549709}.Release|x86.Build.0 = Release|Win32
		{A6471FC9-E524-4F20-A23B-6383F64F8B09}.Debug|Any CPU.ActiveCfg = Debug|Any CPU
		{A6471FC9-E524-4F20-A23B-6383F64F8B09}.Debug|Any CPU.Build.0 = Debug|Any CPU
		{A6471FC9-E524-4F20-A23B-6383F64F8B09}.Debug|x64.ActiveCfg = Debug|Any CPU
		{A6471FC9-E524-4F20-A23B-6383F64F8B09}.Debug|x64.Build.0 = Debug|Any CPU
		{A6471FC9-E524-4F20-A23B-6383F64F8B09}.Debug|x86.ActiveCfg = Debug|Any CPU
		{A6471FC9-E524-4F20-A23B-6383F64F8B09}.Debug|x86.Build.0 = Debug|Any CPU
		{A6471FC9-E524-4F20-A23B-6383F64F8B09}.Release|Any CPU.ActiveCfg = Release|Any CPU
		{A6471FC9-E524-4F20-A23B-6383F64F8B09}.Release|Any CPU.Build.0 = Release|Any CPU
		{A6471FC9-E524-4F20-A23B-6383F64F8B09}.Release|x64.ActiveCfg = Release|Any CPU
		{A6471FC9-E524-4F20-A23B-6383F64F8B09}.Release|x64.Build.0 = Release|Any CPU
		{A6471FC9-E524-4F20-A23B-6383F64F8B09}.Release|x86.ActiveCfg = Release|Any CPU
		{A6471FC9-E524-4F20-A23B-6383F64F8B09}.Release|x86.Build.0 = Release|Any CPU
		{7C34CC2F-F4C9-4BEF-A195-308D8C59C2FF}.Debug|Any CPU.ActiveCfg = Debug|Any CPU
		{7C34CC2F-F4C9-4BEF-A195-308D8C59C2FF}.Debug|Any CPU.Build.0 = Debug|Any CPU
		{7C34CC2F-F4C9-4BEF-A195-308D8C59C2FF}.Debug|x64.ActiveCfg = Debug|Any CPU
		{7C34CC2F-F4C9-4BEF-A195-308D8C59C2FF}.Debug|x64.Build.0 = Debug|Any CPU
		{7C34CC2F-F4C9-4BEF-A195-308D8C59C2FF}.Debug|x86.ActiveCfg = Debug|Any CPU
		{7C34CC2F-F4C9-4BEF-A195-308D8C59C2FF}.Debug|x86.Build.0 = Debug|Any CPU
		{7C34CC2F-F4C9-4BEF-A195-308D8C59C2FF}.Release|Any CPU.ActiveCfg = Release|Any CPU
		{7C34CC2F-F4C9-4BEF-A195-308D8C59C2FF}.Release|Any CPU.Build.0 = Release|Any CPU
		{7C34CC2F-F4C9-4BEF-A195-308D8C59C2FF}.Release|x64.ActiveCfg = Release|Any CPU
		{7C34CC2F-F4C9-4BEF-A195-308D8C59C2FF}.Release|x64.Build.0 = Release|Any CPU
		{7C34CC2F-F4C9-4BEF-A195-308D8C59C2FF}.Release|x86.ActiveCfg = Release|Any CPU
		{7C34CC2F-F4C9-4BEF-A195-308D8C59C2FF}.Release|x86.Build.0 = Release|Any CPU
		{12ABDB39-B3DB-4013-A3B1-F3602898B97B}.Debug|Any CPU.ActiveCfg = Debug|x64
		{12ABDB39-B3DB-4013-A3B1-F3602898B97B}.Debug|Any CPU.Build.0 = Debug|x64
		{12ABDB39-B3DB-4013-A3B1-F3602898B97B}.Debug|x64.ActiveCfg = Debug|x64
		{12ABDB39-B3DB-4013-A3B1-F3602898B97B}.Debug|x64.Build.0 = Debug|x64
		{12ABDB39-B3DB-4013-A3B1-F3602898B97B}.Debug|x86.ActiveCfg = Debug|Win32
		{12ABDB39-B3DB-4013-A3B1-F3602898B97B}.Debug|x86.Build.0 = Debug|Win32
		{12ABDB39-B3DB-4013-A3B1-F3602898B97B}.Release|Any CPU.ActiveCfg = Release|x64
		{12ABDB39-B3DB-4013-A3B1-F3602898B97B}.Release|Any CPU.Build.0 = Release|x64
		{12ABDB39-B3DB-4013-A3B1-F3602898B97B}.Release|x64.ActiveCfg = Release|x64
		{12ABDB39-B3DB-4013-A3B1-F3602898B97B}.Release|x64.Build.0 = Release|x64
		{12ABDB39-B3DB-4013-A3B1-F3602898B97B}.Release|x86.ActiveCfg = Release|Win32
		{12ABDB39-B3DB-4013-A3B1-F3602898B97B}.Release|x86.Build.0 = Release|Win32
		{7E049071-254A-4D05-915F-E9AC7CD99B24}.Debug|Any CPU.ActiveCfg = Debug|Any CPU
		{7E049071-254A-4D05-915F-E9AC7CD99B24}.Debug|Any CPU.Build.0 = Debug|Any CPU
		{7E049071-254A-4D05-915F-E9AC7CD99B24}.Debug|x64.ActiveCfg = Debug|Any CPU
		{7E049071-254A-4D05-915F-E9AC7CD99B24}.Debug|x64.Build.0 = Debug|Any CPU
		{7E049071-254A-4D05-915F-E9AC7CD99B24}.Debug|x86.ActiveCfg = Debug|Any CPU
		{7E049071-254A-4D05-915F-E9AC7CD99B24}.Debug|x86.Build.0 = Debug|Any CPU
		{7E049071-254A-4D05-915F-E9AC7CD99B24}.Release|Any CPU.ActiveCfg = Release|Any CPU
		{7E049071-254A-4D05-915F-E9AC7CD99B24}.Release|Any CPU.Build.0 = Release|Any CPU
		{7E049071-254A-4D05-915F-E9AC7CD99B24}.Release|x64.ActiveCfg = Release|Any CPU
		{7E049071-254A-4D05-915F-E9AC7CD99B24}.Release|x64.Build.0 = Release|Any CPU
		{7E049071-254A-4D05-915F-E9AC7CD99B24}.Release|x86.ActiveCfg = Release|Any CPU
		{7E049071-254A-4D05-915F-E9AC7CD99B24}.Release|x86.Build.0 = Release|Any CPU
		{C72D61FB-32CA-4124-8FA1-E9A42F95BBC9}.Debug|Any CPU.ActiveCfg = Debug|x64
		{C72D61FB-32CA-4124-8FA1-E9A42F95BBC9}.Debug|Any CPU.Build.0 = Debug|x64
		{C72D61FB-32CA-4124-8FA1-E9A42F95BBC9}.Debug|x64.ActiveCfg = Debug|x64
		{C72D61FB-32CA-4124-8FA1-E9A42F95BBC9}.Debug|x64.Build.0 = Debug|x64
		{C72D61FB-32CA-4124-8FA1-E9A42F95BBC9}.Debug|x86.ActiveCfg = Debug|Win32
		{C72D61FB-32CA-4124-8FA1-E9A42F95BBC9}.Debug|x86.Build.0 = Debug|Win32
		{C72D61FB-32CA-4124-8FA1-E9A42F95BBC9}.Release|Any CPU.ActiveCfg = Release|x64
		{C72D61FB-32CA-4124-8FA1-E9A42F95BBC9}.Release|Any CPU.Build.0 = Release|x64
		{C72D61FB-32CA-4124-8FA1-E9A42F95BBC9}.Release|x64.ActiveCfg = Release|x64
		{C72D61FB-32CA-4124-8FA1-E9A42F95BBC9}.Release|x64.Build.0 = Release|x64
		{C72D61FB-32CA-4124-8FA1-E9A42F95BBC9}.Release|x86.ActiveCfg = Release|Win32
		{C72D61FB-32CA-4124-8FA1-E9A42F95BBC9}.Release|x86.Build.0 = Release|Win32
	EndGlobalSection
	GlobalSection(SolutionProperties) = preSolution
		HideSolutionNode = FALSE
	EndGlobalSection
	GlobalSection(NestedProjects) = preSolution
		{6A9E1B42-AB70-47D8-909B-019BF42245FC} = {E800610A-C744-440B-BDD1-C72C70DF1DA4}
		{881782E0-BDDC-4AF3-8831-58EEEEF55F58} = {E800610A-C744-440B-BDD1-C72C70DF1DA4}
		{D1E87BC9-60D9-49AB-854C-6B277A580A0F} = {E800610A-C744-440B-BDD1-C72C70DF1DA4}
		{511B9D8E-6E5D-4B90-B8E1-E75D7F882371} = {575E3B8E-9163-43E5-B994-C7AD0F1FF8C2}
		{452A6B00-C5E2-4061-ACE0-1C2DD8A9FEF5} = {575E3B8E-9163-43E5-B994-C7AD0F1FF8C2}
		{24C2D5B5-7065-4493-B3B7-8D16F7549709} = {F6F007BD-1B7F-46DF-8C27-75CE319B1DDB}
		{A6471FC9-E524-4F20-A23B-6383F64F8B09} = {575E3B8E-9163-43E5-B994-C7AD0F1FF8C2}
		{7C34CC2F-F4C9-4BEF-A195-308D8C59C2FF} = {575E3B8E-9163-43E5-B994-C7AD0F1FF8C2}
		{12ABDB39-B3DB-4013-A3B1-F3602898B97B} = {F6F007BD-1B7F-46DF-8C27-75CE319B1DDB}
		{7E049071-254A-4D05-915F-E9AC7CD99B24} = {F6F007BD-1B7F-46DF-8C27-75CE319B1DDB}
		{C72D61FB-32CA-4124-8FA1-E9A42F95BBC9} = {F6F007BD-1B7F-46DF-8C27-75CE319B1DDB}
	EndGlobalSection
	GlobalSection(ExtensibilityGlobals) = postSolution
		SolutionGuid = {AF5BE78B-7958-4838-8158-05FDA613CB01}
	EndGlobalSection
EndGlobal
