
Microsoft Visual Studio Solution File, Format Version 12.00
# Visual Studio Version 17
VisualStudioVersion = 17.4.33213.308
MinimumVisualStudioVersion = 10.0.40219.1
Project("{9A19103F-16F7-4668-BE54-9A1E7A4F7556}") = "FocusTree", "FocusTree\FocusTree.csproj", "{6A9E1B42-AB70-47D8-909B-019BF42245FC}"
EndProject
Project("{9A19103F-16F7-4668-BE54-9A1E7A4F7556}") = "ConvertIcon", "ConvertIcon\ConvertIcon.csproj", "{881782E0-BDDC-4AF3-8831-58EEEEF55F58}"
EndProject
Project("{FAE04EC0-301F-11D3-BF4B-00C04F79EFBC}") = "DemoRichText", "DemoRichText\DemoRichText.csproj", "{D1E87BC9-60D9-49AB-854C-6B277A580A0F}"
EndProject
Project("{9A19103F-16F7-4668-BE54-9A1E7A4F7556}") = "Hoi4Object", "Hoi4Object\Hoi4Object.csproj", "{511B9D8E-6E5D-4B90-B8E1-E75D7F882371}"
EndProject
Project("{9A19103F-16F7-4668-BE54-9A1E7A4F7556}") = "Hoi4ReaderWriter", "Hoi4ReaderWriter\Hoi4ReaderWriter.csproj", "{792A8551-E512-4854-A627-89F63CB3E882}"
EndProject
Project("{8BC9CEB8-8B4A-11D0-8D11-00A0C91BC942}") = "Hoi4Parser", "Hoi4Parser\Hoi4Parser.vcxproj", "{D77D584D-CF88-4FB7-974B-2ACEC8917F05}"
EndProject
Project("{8BC9CEB8-8B4A-11D0-8D11-00A0C91BC942}") = "UTF-8 Text", "UTF-8 Text\UTF-8 Text.vcxproj", "{846AEC19-9A4C-40AB-96C8-259BCB8C58A2}"
EndProject
Global
	GlobalSection(SolutionConfigurationPlatforms) = preSolution
		Debug|Any CPU = Debug|Any CPU
		Debug|x64 = Debug|x64
		Debug|x86 = Debug|x86
		Release|Any CPU = Release|Any CPU
		Release|x64 = Release|x64
		Release|x86 = Release|x86
	EndGlobalSection
	GlobalSection(ProjectConfigurationPlatforms) = postSolution
		{6A9E1B42-AB70-47D8-909B-019BF42245FC}.Debug|Any CPU.ActiveCfg = Debug|Any CPU
		{6A9E1B42-AB70-47D8-909B-019BF42245FC}.Debug|Any CPU.Build.0 = Debug|Any CPU
		{6A9E1B42-AB70-47D8-909B-019BF42245FC}.Debug|x64.ActiveCfg = Debug|Any CPU
		{6A9E1B42-AB70-47D8-909B-019BF42245FC}.Debug|x64.Build.0 = Debug|Any CPU
		{6A9E1B42-AB70-47D8-909B-019BF42245FC}.Debug|x86.ActiveCfg = Debug|Any CPU
		{6A9E1B42-AB70-47D8-909B-019BF42245FC}.Debug|x86.Build.0 = Debug|Any CPU
		{6A9E1B42-AB70-47D8-909B-019BF42245FC}.Release|Any CPU.ActiveCfg = Release|Any CPU
		{6A9E1B42-AB70-47D8-909B-019BF42245FC}.Release|Any CPU.Build.0 = Release|Any CPU
		{6A9E1B42-AB70-47D8-909B-019BF42245FC}.Release|x64.ActiveCfg = Release|Any CPU
		{6A9E1B42-AB70-47D8-909B-019BF42245FC}.Release|x64.Build.0 = Release|Any CPU
		{6A9E1B42-AB70-47D8-909B-019BF42245FC}.Release|x86.ActiveCfg = Release|Any CPU
		{6A9E1B42-AB70-47D8-909B-019BF42245FC}.Release|x86.Build.0 = Release|Any CPU
		{881782E0-BDDC-4AF3-8831-58EEEEF55F58}.Debug|Any CPU.ActiveCfg = Debug|Any CPU
		{881782E0-BDDC-4AF3-8831-58EEEEF55F58}.Debug|Any CPU.Build.0 = Debug|Any CPU
		{881782E0-BDDC-4AF3-8831-58EEEEF55F58}.Debug|x64.ActiveCfg = Debug|Any CPU
		{881782E0-BDDC-4AF3-8831-58EEEEF55F58}.Debug|x64.Build.0 = Debug|Any CPU
		{881782E0-BDDC-4AF3-8831-58EEEEF55F58}.Debug|x86.ActiveCfg = Debug|Any CPU
		{881782E0-BDDC-4AF3-8831-58EEEEF55F58}.Debug|x86.Build.0 = Debug|Any CPU
		{881782E0-BDDC-4AF3-8831-58EEEEF55F58}.Release|Any CPU.ActiveCfg = Release|Any CPU
		{881782E0-BDDC-4AF3-8831-58EEEEF55F58}.Release|Any CPU.Build.0 = Release|Any CPU
		{881782E0-BDDC-4AF3-8831-58EEEEF55F58}.Release|x64.ActiveCfg = Release|Any CPU
		{881782E0-BDDC-4AF3-8831-58EEEEF55F58}.Release|x64.Build.0 = Release|Any CPU
		{881782E0-BDDC-4AF3-8831-58EEEEF55F58}.Release|x86.ActiveCfg = Release|Any CPU
		{881782E0-BDDC-4AF3-8831-58EEEEF55F58}.Release|x86.Build.0 = Release|Any CPU
		{D1E87BC9-60D9-49AB-854C-6B277A580A0F}.Debug|Any CPU.ActiveCfg = Debug|Any CPU
		{D1E87BC9-60D9-49AB-854C-6B277A580A0F}.Debug|Any CPU.Build.0 = Debug|Any CPU
		{D1E87BC9-60D9-49AB-854C-6B277A580A0F}.Debug|x64.ActiveCfg = Debug|Any CPU
		{D1E87BC9-60D9-49AB-854C-6B277A580A0F}.Debug|x64.Build.0 = Debug|Any CPU
		{D1E87BC9-60D9-49AB-854C-6B277A580A0F}.Debug|x86.ActiveCfg = Debug|Any CPU
		{D1E87BC9-60D9-49AB-854C-6B277A580A0F}.Debug|x86.Build.0 = Debug|Any CPU
		{D1E87BC9-60D9-49AB-854C-6B277A580A0F}.Release|Any CPU.ActiveCfg = Release|Any CPU
		{D1E87BC9-60D9-49AB-854C-6B277A580A0F}.Release|Any CPU.Build.0 = Release|Any CPU
		{D1E87BC9-60D9-49AB-854C-6B277A580A0F}.Release|x64.ActiveCfg = Release|Any CPU
		{D1E87BC9-60D9-49AB-854C-6B277A580A0F}.Release|x64.Build.0 = Release|Any CPU
		{D1E87BC9-60D9-49AB-854C-6B277A580A0F}.Release|x86.ActiveCfg = Release|Any CPU
		{D1E87BC9-60D9-49AB-854C-6B277A580A0F}.Release|x86.Build.0 = Release|Any CPU
		{511B9D8E-6E5D-4B90-B8E1-E75D7F882371}.Debug|Any CPU.ActiveCfg = Debug|Any CPU
		{511B9D8E-6E5D-4B90-B8E1-E75D7F882371}.Debug|Any CPU.Build.0 = Debug|Any CPU
		{511B9D8E-6E5D-4B90-B8E1-E75D7F882371}.Debug|x64.ActiveCfg = Debug|Any CPU
		{511B9D8E-6E5D-4B90-B8E1-E75D7F882371}.Debug|x64.Build.0 = Debug|Any CPU
		{511B9D8E-6E5D-4B90-B8E1-E75D7F882371}.Debug|x86.ActiveCfg = Debug|Any CPU
		{511B9D8E-6E5D-4B90-B8E1-E75D7F882371}.Debug|x86.Build.0 = Debug|Any CPU
		{511B9D8E-6E5D-4B90-B8E1-E75D7F882371}.Release|Any CPU.ActiveCfg = Release|Any CPU
		{511B9D8E-6E5D-4B90-B8E1-E75D7F882371}.Release|Any CPU.Build.0 = Release|Any CPU
		{511B9D8E-6E5D-4B90-B8E1-E75D7F882371}.Release|x64.ActiveCfg = Release|Any CPU
		{511B9D8E-6E5D-4B90-B8E1-E75D7F882371}.Release|x64.Build.0 = Release|Any CPU
		{511B9D8E-6E5D-4B90-B8E1-E75D7F882371}.Release|x86.ActiveCfg = Release|Any CPU
		{511B9D8E-6E5D-4B90-B8E1-E75D7F882371}.Release|x86.Build.0 = Release|Any CPU
		{792A8551-E512-4854-A627-89F63CB3E882}.Debug|Any CPU.ActiveCfg = Debug|Any CPU
		{792A8551-E512-4854-A627-89F63CB3E882}.Debug|Any CPU.Build.0 = Debug|Any CPU
		{792A8551-E512-4854-A627-89F63CB3E882}.Debug|x64.ActiveCfg = Debug|Any CPU
		{792A8551-E512-4854-A627-89F63CB3E882}.Debug|x64.Build.0 = Debug|Any CPU
		{792A8551-E512-4854-A627-89F63CB3E882}.Debug|x86.ActiveCfg = Debug|Any CPU
		{792A8551-E512-4854-A627-89F63CB3E882}.Debug|x86.Build.0 = Debug|Any CPU
		{792A8551-E512-4854-A627-89F63CB3E882}.Release|Any CPU.ActiveCfg = Release|Any CPU
		{792A8551-E512-4854-A627-89F63CB3E882}.Release|Any CPU.Build.0 = Release|Any CPU
		{792A8551-E512-4854-A627-89F63CB3E882}.Release|x64.ActiveCfg = Release|Any CPU
		{792A8551-E512-4854-A627-89F63CB3E882}.Release|x64.Build.0 = Release|Any CPU
		{792A8551-E512-4854-A627-89F63CB3E882}.Release|x86.ActiveCfg = Release|Any CPU
		{792A8551-E512-4854-A627-89F63CB3E882}.Release|x86.Build.0 = Release|Any CPU
		{D77D584D-CF88-4FB7-974B-2ACEC8917F05}.Debug|Any CPU.ActiveCfg = Debug|x64
		{D77D584D-CF88-4FB7-974B-2ACEC8917F05}.Debug|Any CPU.Build.0 = Debug|x64
		{D77D584D-CF88-4FB7-974B-2ACEC8917F05}.Debug|x64.ActiveCfg = Debug|x64
		{D77D584D-CF88-4FB7-974B-2ACEC8917F05}.Debug|x64.Build.0 = Debug|x64
		{D77D584D-CF88-4FB7-974B-2ACEC8917F05}.Debug|x86.ActiveCfg = Debug|Win32
		{D77D584D-CF88-4FB7-974B-2ACEC8917F05}.Debug|x86.Build.0 = Debug|Win32
		{D77D584D-CF88-4FB7-974B-2ACEC8917F05}.Release|Any CPU.ActiveCfg = Release|x64
		{D77D584D-CF88-4FB7-974B-2ACEC8917F05}.Release|Any CPU.Build.0 = Release|x64
		{D77D584D-CF88-4FB7-974B-2ACEC8917F05}.Release|x64.ActiveCfg = Release|x64
		{D77D584D-CF88-4FB7-974B-2ACEC8917F05}.Release|x64.Build.0 = Release|x64
		{D77D584D-CF88-4FB7-974B-2ACEC8917F05}.Release|x86.ActiveCfg = Release|Win32
		{D77D584D-CF88-4FB7-974B-2ACEC8917F05}.Release|x86.Build.0 = Release|Win32
		{846AEC19-9A4C-40AB-96C8-259BCB8C58A2}.Debug|Any CPU.ActiveCfg = Debug|x64
		{846AEC19-9A4C-40AB-96C8-259BCB8C58A2}.Debug|Any CPU.Build.0 = Debug|x64
		{846AEC19-9A4C-40AB-96C8-259BCB8C58A2}.Debug|x64.ActiveCfg = Debug|x64
		{846AEC19-9A4C-40AB-96C8-259BCB8C58A2}.Debug|x64.Build.0 = Debug|x64
		{846AEC19-9A4C-40AB-96C8-259BCB8C58A2}.Debug|x86.ActiveCfg = Debug|Win32
		{846AEC19-9A4C-40AB-96C8-259BCB8C58A2}.Debug|x86.Build.0 = Debug|Win32
		{846AEC19-9A4C-40AB-96C8-259BCB8C58A2}.Release|Any CPU.ActiveCfg = Release|x64
		{846AEC19-9A4C-40AB-96C8-259BCB8C58A2}.Release|Any CPU.Build.0 = Release|x64
		{846AEC19-9A4C-40AB-96C8-259BCB8C58A2}.Release|x64.ActiveCfg = Release|x64
		{846AEC19-9A4C-40AB-96C8-259BCB8C58A2}.Release|x64.Build.0 = Release|x64
		{846AEC19-9A4C-40AB-96C8-259BCB8C58A2}.Release|x86.ActiveCfg = Release|Win32
		{846AEC19-9A4C-40AB-96C8-259BCB8C58A2}.Release|x86.Build.0 = Release|Win32
	EndGlobalSection
	GlobalSection(SolutionProperties) = preSolution
		HideSolutionNode = FALSE
	EndGlobalSection
	GlobalSection(ExtensibilityGlobals) = postSolution
		SolutionGuid = {AF5BE78B-7958-4838-8158-05FDA613CB01}
	EndGlobalSection
EndGlobal
