<?xml version="1.0" encoding="utf-8"?>
<Project ToolsVersion="4.0" xmlns="http://schemas.microsoft.com/developer/msbuild/2003">
  <ItemGroup>
    <Filter Include="源文件">
      <UniqueIdentifier>{4FC737F1-C7A5-4376-A066-2A32D752A2FF}</UniqueIdentifier>
      <Extensions>cpp;c;cc;cxx;c++;cppm;ixx;def;odl;idl;hpj;bat;asm;asmx</Extensions>
    </Filter>
    <Filter Include="头文件">
      <UniqueIdentifier>{93995380-89BD-4b04-88EB-625FBE52EBFB}</UniqueIdentifier>
      <Extensions>h;hh;hpp;hxx;h++;hm;inl;inc;ipp;xsd</Extensions>
    </Filter>
    <Filter Include="资源文件">
      <UniqueIdentifier>{67DA6AB6-F800-4c08-8B7A-83BB121AAD01}</UniqueIdentifier>
      <Extensions>rc;ico;cur;bmp;dlg;rc2;rct;bin;rgs;gif;jpg;jpeg;jpe;resx;tiff;tif;png;wav;mfcribbon-ms</Extensions>
    </Filter>
    <Filter Include="头文件\syntax block">
      <UniqueIdentifier>{78083675-762b-45cc-9bfd-816f0a91d2fa}</UniqueIdentifier>
    </Filter>
    <Filter Include="源文件\syntax block">
      <UniqueIdentifier>{799f177b-03ec-4f1e-9e18-2b81af255f1d}</UniqueIdentifier>
    </Filter>
    <Filter Include="源文件\parser">
      <UniqueIdentifier>{f3882d32-5b2f-4804-bd2e-33602749a545}</UniqueIdentifier>
    </Filter>
    <Filter Include="头文件\parser">
      <UniqueIdentifier>{99ca1140-d337-4a1c-a2fa-2ce4dd17f42b}</UniqueIdentifier>
    </Filter>
  </ItemGroup>
  <ItemGroup>
    <ClInclude Include="element.h">
      <Filter>头文件\syntax block</Filter>
    </ClInclude>
    <ClInclude Include="token.h">
      <Filter>头文件\syntax block</Filter>
    </ClInclude>
    <ClInclude Include="token_types.h">
      <Filter>头文件\syntax block</Filter>
    </ClInclude>
    <ClInclude Include="parse_tree.h">
      <Filter>头文件\parser</Filter>
    </ClInclude>
    <ClInclude Include="tokenizer.h">
      <Filter>头文件\parser</Filter>
    </ClInclude>
    <ClInclude Include="dll_in.h">
      <Filter>头文件</Filter>
    </ClInclude>
    <ClInclude Include="dll_out.h">
      <Filter>头文件</Filter>
    </ClInclude>
  </ItemGroup>
  <ItemGroup>
    <ClCompile Include="token.cpp">
      <Filter>源文件\syntax block</Filter>
    </ClCompile>
    <ClCompile Include="token_types.cpp">
      <Filter>源文件\syntax block</Filter>
    </ClCompile>
    <ClCompile Include="parse_tree.cpp">
      <Filter>源文件\parser</Filter>
    </ClCompile>
    <ClCompile Include="tokenizer.cpp">
      <Filter>源文件\parser</Filter>
    </ClCompile>
    <ClCompile Include="program.cpp">
      <Filter>源文件</Filter>
    </ClCompile>
  </ItemGroup>
</Project>